
Microsoft Visual Studio Solution File, Format Version 12.00
# Visual Studio 14
VisualStudioVersion = 14.0.25123.0
MinimumVisualStudioVersion = 10.0.40219.1
Project("{FAE04EC0-301F-11D3-BF4B-00C04F79EFBC}") = "ComputerVisionApplication.Droid", "ComputerVisionApplication\ComputerVisionApplication.Droid\ComputerVisionApplication.Droid.csproj", "{49C0047D-507E-4CF4-9B53-2B2767A7C0C3}"
EndProject
Project("{FAE04EC0-301F-11D3-BF4B-00C04F79EFBC}") = "ComputerVisionApplication.iOS", "ComputerVisionApplication\ComputerVisionApplication.iOS\ComputerVisionApplication.iOS.csproj", "{9FF8715C-8233-49A4-AF4E-8E529076E425}"
EndProject
Project("{FAE04EC0-301F-11D3-BF4B-00C04F79EFBC}") = "ComputerVisionApplication.WinPhone", "ComputerVisionApplication\ComputerVisionApplication.WinPhone\ComputerVisionApplication.WinPhone.csproj", "{3574C083-D08D-4CC8-90CA-4675A583A16C}"
EndProject
Project("{FAE04EC0-301F-11D3-BF4B-00C04F79EFBC}") = "ComputerVisionApplication.UWP", "ComputerVisionApplication\ComputerVisionApplication.UWP\ComputerVisionApplication.UWP.csproj", "{93F58504-6E61-43E8-9461-98F3EBAEEEC4}"
EndProject
Project("{FAE04EC0-301F-11D3-BF4B-00C04F79EFBC}") = "ComputerVisionApplication.Windows", "ComputerVisionApplication\ComputerVisionApplication.Windows\ComputerVisionApplication.Windows.csproj", "{02F25F28-5FC2-47AF-832C-698499214D71}"
EndProject
Project("{FAE04EC0-301F-11D3-BF4B-00C04F79EFBC}") = "ComputerVisionApplication", "ComputerVisionApplication\ComputerVisionApplication\ComputerVisionApplication.csproj", "{18099F2F-D1F1-442D-90C3-B0FE701EBD04}"
EndProject
Project("{2150E333-8FDC-42A3-9474-1A3956D46DE8}") = "Nuspec", "Nuspec", "{27600A13-B14A-4EC7-BE50-DB58EA5A8950}"
	ProjectSection(SolutionItems) = preProject
		CognitiveServices.nuspec = CognitiveServices.nuspec
	EndProjectSection
EndProject
Global
	GlobalSection(SolutionConfigurationPlatforms) = preSolution
		Ad-Hoc|Any CPU = Ad-Hoc|Any CPU
		Ad-Hoc|ARM = Ad-Hoc|ARM
		Ad-Hoc|iPhone = Ad-Hoc|iPhone
		Ad-Hoc|iPhoneSimulator = Ad-Hoc|iPhoneSimulator
		Ad-Hoc|x64 = Ad-Hoc|x64
		Ad-Hoc|x86 = Ad-Hoc|x86
		AppStore|Any CPU = AppStore|Any CPU
		AppStore|ARM = AppStore|ARM
		AppStore|iPhone = AppStore|iPhone
		AppStore|iPhoneSimulator = AppStore|iPhoneSimulator
		AppStore|x64 = AppStore|x64
		AppStore|x86 = AppStore|x86
		Debug|Any CPU = Debug|Any CPU
		Debug|ARM = Debug|ARM
		Debug|iPhone = Debug|iPhone
		Debug|iPhoneSimulator = Debug|iPhoneSimulator
		Debug|x64 = Debug|x64
		Debug|x86 = Debug|x86
		Release|Any CPU = Release|Any CPU
		Release|ARM = Release|ARM
		Release|iPhone = Release|iPhone
		Release|iPhoneSimulator = Release|iPhoneSimulator
		Release|x64 = Release|x64
		Release|x86 = Release|x86
	EndGlobalSection
	GlobalSection(ProjectConfigurationPlatforms) = postSolution
		{49C0047D-507E-4CF4-9B53-2B2767A7C0C3}.Ad-Hoc|Any CPU.ActiveCfg = Release|Any CPU
		{49C0047D-507E-4CF4-9B53-2B2767A7C0C3}.Ad-Hoc|Any CPU.Build.0 = Release|Any CPU
		{49C0047D-507E-4CF4-9B53-2B2767A7C0C3}.Ad-Hoc|Any CPU.Deploy.0 = Release|Any CPU
		{49C0047D-507E-4CF4-9B53-2B2767A7C0C3}.Ad-Hoc|ARM.ActiveCfg = Release|Any CPU
		{49C0047D-507E-4CF4-9B53-2B2767A7C0C3}.Ad-Hoc|ARM.Build.0 = Release|Any CPU
		{49C0047D-507E-4CF4-9B53-2B2767A7C0C3}.Ad-Hoc|ARM.Deploy.0 = Release|Any CPU
		{49C0047D-507E-4CF4-9B53-2B2767A7C0C3}.Ad-Hoc|iPhone.ActiveCfg = Release|Any CPU
		{49C0047D-507E-4CF4-9B53-2B2767A7C0C3}.Ad-Hoc|iPhone.Build.0 = Release|Any CPU
		{49C0047D-507E-4CF4-9B53-2B2767A7C0C3}.Ad-Hoc|iPhone.Deploy.0 = Release|Any CPU
		{49C0047D-507E-4CF4-9B53-2B2767A7C0C3}.Ad-Hoc|iPhoneSimulator.ActiveCfg = Release|Any CPU
		{49C0047D-507E-4CF4-9B53-2B2767A7C0C3}.Ad-Hoc|iPhoneSimulator.Build.0 = Release|Any CPU
		{49C0047D-507E-4CF4-9B53-2B2767A7C0C3}.Ad-Hoc|iPhoneSimulator.Deploy.0 = Release|Any CPU
		{49C0047D-507E-4CF4-9B53-2B2767A7C0C3}.Ad-Hoc|x64.ActiveCfg = Release|Any CPU
		{49C0047D-507E-4CF4-9B53-2B2767A7C0C3}.Ad-Hoc|x64.Build.0 = Release|Any CPU
		{49C0047D-507E-4CF4-9B53-2B2767A7C0C3}.Ad-Hoc|x64.Deploy.0 = Release|Any CPU
		{49C0047D-507E-4CF4-9B53-2B2767A7C0C3}.Ad-Hoc|x86.ActiveCfg = Release|Any CPU
		{49C0047D-507E-4CF4-9B53-2B2767A7C0C3}.Ad-Hoc|x86.Build.0 = Release|Any CPU
		{49C0047D-507E-4CF4-9B53-2B2767A7C0C3}.Ad-Hoc|x86.Deploy.0 = Release|Any CPU
		{49C0047D-507E-4CF4-9B53-2B2767A7C0C3}.AppStore|Any CPU.ActiveCfg = Release|Any CPU
		{49C0047D-507E-4CF4-9B53-2B2767A7C0C3}.AppStore|Any CPU.Build.0 = Release|Any CPU
		{49C0047D-507E-4CF4-9B53-2B2767A7C0C3}.AppStore|Any CPU.Deploy.0 = Release|Any CPU
		{49C0047D-507E-4CF4-9B53-2B2767A7C0C3}.AppStore|ARM.ActiveCfg = Release|Any CPU
		{49C0047D-507E-4CF4-9B53-2B2767A7C0C3}.AppStore|ARM.Build.0 = Release|Any CPU
		{49C0047D-507E-4CF4-9B53-2B2767A7C0C3}.AppStore|ARM.Deploy.0 = Release|Any CPU
		{49C0047D-507E-4CF4-9B53-2B2767A7C0C3}.AppStore|iPhone.ActiveCfg = Release|Any CPU
		{49C0047D-507E-4CF4-9B53-2B2767A7C0C3}.AppStore|iPhone.Build.0 = Release|Any CPU
		{49C0047D-507E-4CF4-9B53-2B2767A7C0C3}.AppStore|iPhone.Deploy.0 = Release|Any CPU
		{49C0047D-507E-4CF4-9B53-2B2767A7C0C3}.AppStore|iPhoneSimulator.ActiveCfg = Release|Any CPU
		{49C0047D-507E-4CF4-9B53-2B2767A7C0C3}.AppStore|iPhoneSimulator.Build.0 = Release|Any CPU
		{49C0047D-507E-4CF4-9B53-2B2767A7C0C3}.AppStore|iPhoneSimulator.Deploy.0 = Release|Any CPU
		{49C0047D-507E-4CF4-9B53-2B2767A7C0C3}.AppStore|x64.ActiveCfg = Release|Any CPU
		{49C0047D-507E-4CF4-9B53-2B2767A7C0C3}.AppStore|x64.Build.0 = Release|Any CPU
		{49C0047D-507E-4CF4-9B53-2B2767A7C0C3}.AppStore|x64.Deploy.0 = Release|Any CPU
		{49C0047D-507E-4CF4-9B53-2B2767A7C0C3}.AppStore|x86.ActiveCfg = Release|Any CPU
		{49C0047D-507E-4CF4-9B53-2B2767A7C0C3}.AppStore|x86.Build.0 = Release|Any CPU
		{49C0047D-507E-4CF4-9B53-2B2767A7C0C3}.AppStore|x86.Deploy.0 = Release|Any CPU
		{49C0047D-507E-4CF4-9B53-2B2767A7C0C3}.Debug|Any CPU.ActiveCfg = Debug|Any CPU
		{49C0047D-507E-4CF4-9B53-2B2767A7C0C3}.Debug|Any CPU.Build.0 = Debug|Any CPU
		{49C0047D-507E-4CF4-9B53-2B2767A7C0C3}.Debug|Any CPU.Deploy.0 = Debug|Any CPU
		{49C0047D-507E-4CF4-9B53-2B2767A7C0C3}.Debug|ARM.ActiveCfg = Debug|Any CPU
		{49C0047D-507E-4CF4-9B53-2B2767A7C0C3}.Debug|ARM.Build.0 = Debug|Any CPU
		{49C0047D-507E-4CF4-9B53-2B2767A7C0C3}.Debug|ARM.Deploy.0 = Debug|Any CPU
		{49C0047D-507E-4CF4-9B53-2B2767A7C0C3}.Debug|iPhone.ActiveCfg = Debug|Any CPU
		{49C0047D-507E-4CF4-9B53-2B2767A7C0C3}.Debug|iPhone.Build.0 = Debug|Any CPU
		{49C0047D-507E-4CF4-9B53-2B2767A7C0C3}.Debug|iPhone.Deploy.0 = Debug|Any CPU
		{49C0047D-507E-4CF4-9B53-2B2767A7C0C3}.Debug|iPhoneSimulator.ActiveCfg = Debug|Any CPU
		{49C0047D-507E-4CF4-9B53-2B2767A7C0C3}.Debug|iPhoneSimulator.Build.0 = Debug|Any CPU
		{49C0047D-507E-4CF4-9B53-2B2767A7C0C3}.Debug|iPhoneSimulator.Deploy.0 = Debug|Any CPU
		{49C0047D-507E-4CF4-9B53-2B2767A7C0C3}.Debug|x64.ActiveCfg = Debug|Any CPU
		{49C0047D-507E-4CF4-9B53-2B2767A7C0C3}.Debug|x64.Build.0 = Debug|Any CPU
		{49C0047D-507E-4CF4-9B53-2B2767A7C0C3}.Debug|x64.Deploy.0 = Debug|Any CPU
		{49C0047D-507E-4CF4-9B53-2B2767A7C0C3}.Debug|x86.ActiveCfg = Debug|Any CPU
		{49C0047D-507E-4CF4-9B53-2B2767A7C0C3}.Debug|x86.Build.0 = Debug|Any CPU
		{49C0047D-507E-4CF4-9B53-2B2767A7C0C3}.Debug|x86.Deploy.0 = Debug|Any CPU
		{49C0047D-507E-4CF4-9B53-2B2767A7C0C3}.Release|Any CPU.ActiveCfg = Release|Any CPU
		{49C0047D-507E-4CF4-9B53-2B2767A7C0C3}.Release|Any CPU.Build.0 = Release|Any CPU
		{49C0047D-507E-4CF4-9B53-2B2767A7C0C3}.Release|Any CPU.Deploy.0 = Release|Any CPU
		{49C0047D-507E-4CF4-9B53-2B2767A7C0C3}.Release|ARM.ActiveCfg = Release|Any CPU
		{49C0047D-507E-4CF4-9B53-2B2767A7C0C3}.Release|ARM.Build.0 = Release|Any CPU
		{49C0047D-507E-4CF4-9B53-2B2767A7C0C3}.Release|ARM.Deploy.0 = Release|Any CPU
		{49C0047D-507E-4CF4-9B53-2B2767A7C0C3}.Release|iPhone.ActiveCfg = Release|Any CPU
		{49C0047D-507E-4CF4-9B53-2B2767A7C0C3}.Release|iPhone.Build.0 = Release|Any CPU
		{49C0047D-507E-4CF4-9B53-2B2767A7C0C3}.Release|iPhone.Deploy.0 = Release|Any CPU
		{49C0047D-507E-4CF4-9B53-2B2767A7C0C3}.Release|iPhoneSimulator.ActiveCfg = Release|Any CPU
		{49C0047D-507E-4CF4-9B53-2B2767A7C0C3}.Release|iPhoneSimulator.Build.0 = Release|Any CPU
		{49C0047D-507E-4CF4-9B53-2B2767A7C0C3}.Release|iPhoneSimulator.Deploy.0 = Release|Any CPU
		{49C0047D-507E-4CF4-9B53-2B2767A7C0C3}.Release|x64.ActiveCfg = Release|Any CPU
		{49C0047D-507E-4CF4-9B53-2B2767A7C0C3}.Release|x64.Build.0 = Release|Any CPU
		{49C0047D-507E-4CF4-9B53-2B2767A7C0C3}.Release|x64.Deploy.0 = Release|Any CPU
		{49C0047D-507E-4CF4-9B53-2B2767A7C0C3}.Release|x86.ActiveCfg = Release|Any CPU
		{49C0047D-507E-4CF4-9B53-2B2767A7C0C3}.Release|x86.Build.0 = Release|Any CPU
		{49C0047D-507E-4CF4-9B53-2B2767A7C0C3}.Release|x86.Deploy.0 = Release|Any CPU
		{9FF8715C-8233-49A4-AF4E-8E529076E425}.Ad-Hoc|Any CPU.ActiveCfg = Ad-Hoc|iPhone
		{9FF8715C-8233-49A4-AF4E-8E529076E425}.Ad-Hoc|ARM.ActiveCfg = Ad-Hoc|iPhone
		{9FF8715C-8233-49A4-AF4E-8E529076E425}.Ad-Hoc|iPhone.ActiveCfg = Ad-Hoc|iPhone
		{9FF8715C-8233-49A4-AF4E-8E529076E425}.Ad-Hoc|iPhone.Build.0 = Ad-Hoc|iPhone
		{9FF8715C-8233-49A4-AF4E-8E529076E425}.Ad-Hoc|iPhoneSimulator.ActiveCfg = Ad-Hoc|iPhoneSimulator
		{9FF8715C-8233-49A4-AF4E-8E529076E425}.Ad-Hoc|iPhoneSimulator.Build.0 = Ad-Hoc|iPhoneSimulator
		{9FF8715C-8233-49A4-AF4E-8E529076E425}.Ad-Hoc|x64.ActiveCfg = Ad-Hoc|iPhone
		{9FF8715C-8233-49A4-AF4E-8E529076E425}.Ad-Hoc|x86.ActiveCfg = Ad-Hoc|iPhone
		{9FF8715C-8233-49A4-AF4E-8E529076E425}.AppStore|Any CPU.ActiveCfg = AppStore|iPhone
		{9FF8715C-8233-49A4-AF4E-8E529076E425}.AppStore|ARM.ActiveCfg = AppStore|iPhone
		{9FF8715C-8233-49A4-AF4E-8E529076E425}.AppStore|iPhone.ActiveCfg = AppStore|iPhone
		{9FF8715C-8233-49A4-AF4E-8E529076E425}.AppStore|iPhone.Build.0 = AppStore|iPhone
		{9FF8715C-8233-49A4-AF4E-8E529076E425}.AppStore|iPhoneSimulator.ActiveCfg = AppStore|iPhoneSimulator
		{9FF8715C-8233-49A4-AF4E-8E529076E425}.AppStore|iPhoneSimulator.Build.0 = AppStore|iPhoneSimulator
		{9FF8715C-8233-49A4-AF4E-8E529076E425}.AppStore|x64.ActiveCfg = AppStore|iPhone
		{9FF8715C-8233-49A4-AF4E-8E529076E425}.AppStore|x86.ActiveCfg = AppStore|iPhone
		{9FF8715C-8233-49A4-AF4E-8E529076E425}.Debug|Any CPU.ActiveCfg = Debug|iPhone
		{9FF8715C-8233-49A4-AF4E-8E529076E425}.Debug|ARM.ActiveCfg = Debug|iPhone
		{9FF8715C-8233-49A4-AF4E-8E529076E425}.Debug|iPhone.ActiveCfg = Debug|iPhone
		{9FF8715C-8233-49A4-AF4E-8E529076E425}.Debug|iPhone.Build.0 = Debug|iPhone
		{9FF8715C-8233-49A4-AF4E-8E529076E425}.Debug|iPhoneSimulator.ActiveCfg = Debug|iPhoneSimulator
		{9FF8715C-8233-49A4-AF4E-8E529076E425}.Debug|iPhoneSimulator.Build.0 = Debug|iPhoneSimulator
		{9FF8715C-8233-49A4-AF4E-8E529076E425}.Debug|x64.ActiveCfg = Debug|iPhone
		{9FF8715C-8233-49A4-AF4E-8E529076E425}.Debug|x86.ActiveCfg = Debug|iPhone
		{9FF8715C-8233-49A4-AF4E-8E529076E425}.Release|Any CPU.ActiveCfg = Release|iPhone
		{9FF8715C-8233-49A4-AF4E-8E529076E425}.Release|ARM.ActiveCfg = Release|iPhone
		{9FF8715C-8233-49A4-AF4E-8E529076E425}.Release|iPhone.ActiveCfg = Release|iPhone
		{9FF8715C-8233-49A4-AF4E-8E529076E425}.Release|iPhone.Build.0 = Release|iPhone
		{9FF8715C-8233-49A4-AF4E-8E529076E425}.Release|iPhoneSimulator.ActiveCfg = Release|iPhoneSimulator
		{9FF8715C-8233-49A4-AF4E-8E529076E425}.Release|iPhoneSimulator.Build.0 = Release|iPhoneSimulator
		{9FF8715C-8233-49A4-AF4E-8E529076E425}.Release|x64.ActiveCfg = Release|iPhone
		{9FF8715C-8233-49A4-AF4E-8E529076E425}.Release|x86.ActiveCfg = Release|iPhone
		{3574C083-D08D-4CC8-90CA-4675A583A16C}.Ad-Hoc|Any CPU.ActiveCfg = Release|Any CPU
		{3574C083-D08D-4CC8-90CA-4675A583A16C}.Ad-Hoc|Any CPU.Build.0 = Release|Any CPU
		{3574C083-D08D-4CC8-90CA-4675A583A16C}.Ad-Hoc|Any CPU.Deploy.0 = Release|Any CPU
		{3574C083-D08D-4CC8-90CA-4675A583A16C}.Ad-Hoc|ARM.ActiveCfg = Release|ARM
		{3574C083-D08D-4CC8-90CA-4675A583A16C}.Ad-Hoc|ARM.Build.0 = Release|ARM
		{3574C083-D08D-4CC8-90CA-4675A583A16C}.Ad-Hoc|ARM.Deploy.0 = Release|ARM
		{3574C083-D08D-4CC8-90CA-4675A583A16C}.Ad-Hoc|iPhone.ActiveCfg = Release|Any CPU
		{3574C083-D08D-4CC8-90CA-4675A583A16C}.Ad-Hoc|iPhone.Build.0 = Release|Any CPU
		{3574C083-D08D-4CC8-90CA-4675A583A16C}.Ad-Hoc|iPhone.Deploy.0 = Release|Any CPU
		{3574C083-D08D-4CC8-90CA-4675A583A16C}.Ad-Hoc|iPhoneSimulator.ActiveCfg = Release|Any CPU
		{3574C083-D08D-4CC8-90CA-4675A583A16C}.Ad-Hoc|iPhoneSimulator.Build.0 = Release|Any CPU
		{3574C083-D08D-4CC8-90CA-4675A583A16C}.Ad-Hoc|iPhoneSimulator.Deploy.0 = Release|Any CPU
		{3574C083-D08D-4CC8-90CA-4675A583A16C}.Ad-Hoc|x64.ActiveCfg = Release|Any CPU
		{3574C083-D08D-4CC8-90CA-4675A583A16C}.Ad-Hoc|x64.Build.0 = Release|Any CPU
		{3574C083-D08D-4CC8-90CA-4675A583A16C}.Ad-Hoc|x64.Deploy.0 = Release|Any CPU
		{3574C083-D08D-4CC8-90CA-4675A583A16C}.Ad-Hoc|x86.ActiveCfg = Release|x86
		{3574C083-D08D-4CC8-90CA-4675A583A16C}.Ad-Hoc|x86.Build.0 = Release|x86
		{3574C083-D08D-4CC8-90CA-4675A583A16C}.Ad-Hoc|x86.Deploy.0 = Release|x86
		{3574C083-D08D-4CC8-90CA-4675A583A16C}.AppStore|Any CPU.ActiveCfg = Release|Any CPU
		{3574C083-D08D-4CC8-90CA-4675A583A16C}.AppStore|Any CPU.Build.0 = Release|Any CPU
		{3574C083-D08D-4CC8-90CA-4675A583A16C}.AppStore|Any CPU.Deploy.0 = Release|Any CPU
		{3574C083-D08D-4CC8-90CA-4675A583A16C}.AppStore|ARM.ActiveCfg = Release|ARM
		{3574C083-D08D-4CC8-90CA-4675A583A16C}.AppStore|ARM.Build.0 = Release|ARM
		{3574C083-D08D-4CC8-90CA-4675A583A16C}.AppStore|ARM.Deploy.0 = Release|ARM
		{3574C083-D08D-4CC8-90CA-4675A583A16C}.AppStore|iPhone.ActiveCfg = Release|Any CPU
		{3574C083-D08D-4CC8-90CA-4675A583A16C}.AppStore|iPhone.Build.0 = Release|Any CPU
		{3574C083-D08D-4CC8-90CA-4675A583A16C}.AppStore|iPhone.Deploy.0 = Release|Any CPU
		{3574C083-D08D-4CC8-90CA-4675A583A16C}.AppStore|iPhoneSimulator.ActiveCfg = Release|Any CPU
		{3574C083-D08D-4CC8-90CA-4675A583A16C}.AppStore|iPhoneSimulator.Build.0 = Release|Any CPU
		{3574C083-D08D-4CC8-90CA-4675A583A16C}.AppStore|iPhoneSimulator.Deploy.0 = Release|Any CPU
		{3574C083-D08D-4CC8-90CA-4675A583A16C}.AppStore|x64.ActiveCfg = Release|Any CPU
		{3574C083-D08D-4CC8-90CA-4675A583A16C}.AppStore|x64.Build.0 = Release|Any CPU
		{3574C083-D08D-4CC8-90CA-4675A583A16C}.AppStore|x64.Deploy.0 = Release|Any CPU
		{3574C083-D08D-4CC8-90CA-4675A583A16C}.AppStore|x86.ActiveCfg = Release|x86
		{3574C083-D08D-4CC8-90CA-4675A583A16C}.AppStore|x86.Build.0 = Release|x86
		{3574C083-D08D-4CC8-90CA-4675A583A16C}.AppStore|x86.Deploy.0 = Release|x86
		{3574C083-D08D-4CC8-90CA-4675A583A16C}.Debug|Any CPU.ActiveCfg = Debug|Any CPU
		{3574C083-D08D-4CC8-90CA-4675A583A16C}.Debug|Any CPU.Build.0 = Debug|Any CPU
		{3574C083-D08D-4CC8-90CA-4675A583A16C}.Debug|Any CPU.Deploy.0 = Debug|Any CPU
		{3574C083-D08D-4CC8-90CA-4675A583A16C}.Debug|ARM.ActiveCfg = Debug|ARM
		{3574C083-D08D-4CC8-90CA-4675A583A16C}.Debug|ARM.Build.0 = Debug|ARM
		{3574C083-D08D-4CC8-90CA-4675A583A16C}.Debug|ARM.Deploy.0 = Debug|ARM
		{3574C083-D08D-4CC8-90CA-4675A583A16C}.Debug|iPhone.ActiveCfg = Debug|Any CPU
		{3574C083-D08D-4CC8-90CA-4675A583A16C}.Debug|iPhone.Build.0 = Debug|Any CPU
		{3574C083-D08D-4CC8-90CA-4675A583A16C}.Debug|iPhone.Deploy.0 = Debug|Any CPU
		{3574C083-D08D-4CC8-90CA-4675A583A16C}.Debug|iPhoneSimulator.ActiveCfg = Debug|Any CPU
		{3574C083-D08D-4CC8-90CA-4675A583A16C}.Debug|iPhoneSimulator.Build.0 = Debug|Any CPU
		{3574C083-D08D-4CC8-90CA-4675A583A16C}.Debug|iPhoneSimulator.Deploy.0 = Debug|Any CPU
		{3574C083-D08D-4CC8-90CA-4675A583A16C}.Debug|x64.ActiveCfg = Debug|Any CPU
		{3574C083-D08D-4CC8-90CA-4675A583A16C}.Debug|x64.Build.0 = Debug|Any CPU
		{3574C083-D08D-4CC8-90CA-4675A583A16C}.Debug|x64.Deploy.0 = Debug|Any CPU
		{3574C083-D08D-4CC8-90CA-4675A583A16C}.Debug|x86.ActiveCfg = Debug|x86
		{3574C083-D08D-4CC8-90CA-4675A583A16C}.Debug|x86.Build.0 = Debug|x86
		{3574C083-D08D-4CC8-90CA-4675A583A16C}.Debug|x86.Deploy.0 = Debug|x86
		{3574C083-D08D-4CC8-90CA-4675A583A16C}.Release|Any CPU.ActiveCfg = Release|Any CPU
		{3574C083-D08D-4CC8-90CA-4675A583A16C}.Release|Any CPU.Build.0 = Release|Any CPU
		{3574C083-D08D-4CC8-90CA-4675A583A16C}.Release|Any CPU.Deploy.0 = Release|Any CPU
		{3574C083-D08D-4CC8-90CA-4675A583A16C}.Release|ARM.ActiveCfg = Release|ARM
		{3574C083-D08D-4CC8-90CA-4675A583A16C}.Release|ARM.Build.0 = Release|ARM
		{3574C083-D08D-4CC8-90CA-4675A583A16C}.Release|ARM.Deploy.0 = Release|ARM
		{3574C083-D08D-4CC8-90CA-4675A583A16C}.Release|iPhone.ActiveCfg = Release|Any CPU
		{3574C083-D08D-4CC8-90CA-4675A583A16C}.Release|iPhone.Build.0 = Release|Any CPU
		{3574C083-D08D-4CC8-90CA-4675A583A16C}.Release|iPhone.Deploy.0 = Release|Any CPU
		{3574C083-D08D-4CC8-90CA-4675A583A16C}.Release|iPhoneSimulator.ActiveCfg = Release|Any CPU
		{3574C083-D08D-4CC8-90CA-4675A583A16C}.Release|iPhoneSimulator.Build.0 = Release|Any CPU
		{3574C083-D08D-4CC8-90CA-4675A583A16C}.Release|iPhoneSimulator.Deploy.0 = Release|Any CPU
		{3574C083-D08D-4CC8-90CA-4675A583A16C}.Release|x64.ActiveCfg = Release|Any CPU
		{3574C083-D08D-4CC8-90CA-4675A583A16C}.Release|x64.Build.0 = Release|Any CPU
		{3574C083-D08D-4CC8-90CA-4675A583A16C}.Release|x64.Deploy.0 = Release|Any CPU
		{3574C083-D08D-4CC8-90CA-4675A583A16C}.Release|x86.ActiveCfg = Release|x86
		{3574C083-D08D-4CC8-90CA-4675A583A16C}.Release|x86.Build.0 = Release|x86
		{3574C083-D08D-4CC8-90CA-4675A583A16C}.Release|x86.Deploy.0 = Release|x86
		{93F58504-6E61-43E8-9461-98F3EBAEEEC4}.Ad-Hoc|Any CPU.ActiveCfg = Release|x86
		{93F58504-6E61-43E8-9461-98F3EBAEEEC4}.Ad-Hoc|Any CPU.Build.0 = Release|x86
		{93F58504-6E61-43E8-9461-98F3EBAEEEC4}.Ad-Hoc|Any CPU.Deploy.0 = Release|x86
		{93F58504-6E61-43E8-9461-98F3EBAEEEC4}.Ad-Hoc|ARM.ActiveCfg = Release|ARM
		{93F58504-6E61-43E8-9461-98F3EBAEEEC4}.Ad-Hoc|ARM.Build.0 = Release|ARM
		{93F58504-6E61-43E8-9461-98F3EBAEEEC4}.Ad-Hoc|ARM.Deploy.0 = Release|ARM
		{93F58504-6E61-43E8-9461-98F3EBAEEEC4}.Ad-Hoc|iPhone.ActiveCfg = Release|x86
		{93F58504-6E61-43E8-9461-98F3EBAEEEC4}.Ad-Hoc|iPhone.Build.0 = Release|x86
		{93F58504-6E61-43E8-9461-98F3EBAEEEC4}.Ad-Hoc|iPhone.Deploy.0 = Release|x86
		{93F58504-6E61-43E8-9461-98F3EBAEEEC4}.Ad-Hoc|iPhoneSimulator.ActiveCfg = Release|x86
		{93F58504-6E61-43E8-9461-98F3EBAEEEC4}.Ad-Hoc|iPhoneSimulator.Build.0 = Release|x86
		{93F58504-6E61-43E8-9461-98F3EBAEEEC4}.Ad-Hoc|iPhoneSimulator.Deploy.0 = Release|x86
		{93F58504-6E61-43E8-9461-98F3EBAEEEC4}.Ad-Hoc|x64.ActiveCfg = Release|x64
		{93F58504-6E61-43E8-9461-98F3EBAEEEC4}.Ad-Hoc|x64.Build.0 = Release|x64
		{93F58504-6E61-43E8-9461-98F3EBAEEEC4}.Ad-Hoc|x64.Deploy.0 = Release|x64
		{93F58504-6E61-43E8-9461-98F3EBAEEEC4}.Ad-Hoc|x86.ActiveCfg = Release|x86
		{93F58504-6E61-43E8-9461-98F3EBAEEEC4}.Ad-Hoc|x86.Build.0 = Release|x86
		{93F58504-6E61-43E8-9461-98F3EBAEEEC4}.Ad-Hoc|x86.Deploy.0 = Release|x86
		{93F58504-6E61-43E8-9461-98F3EBAEEEC4}.AppStore|Any CPU.ActiveCfg = Release|x86
		{93F58504-6E61-43E8-9461-98F3EBAEEEC4}.AppStore|Any CPU.Build.0 = Release|x86
		{93F58504-6E61-43E8-9461-98F3EBAEEEC4}.AppStore|Any CPU.Deploy.0 = Release|x86
		{93F58504-6E61-43E8-9461-98F3EBAEEEC4}.AppStore|ARM.ActiveCfg = Release|ARM
		{93F58504-6E61-43E8-9461-98F3EBAEEEC4}.AppStore|ARM.Build.0 = Release|ARM
		{93F58504-6E61-43E8-9461-98F3EBAEEEC4}.AppStore|ARM.Deploy.0 = Release|ARM
		{93F58504-6E61-43E8-9461-98F3EBAEEEC4}.AppStore|iPhone.ActiveCfg = Release|x86
		{93F58504-6E61-43E8-9461-98F3EBAEEEC4}.AppStore|iPhone.Build.0 = Release|x86
		{93F58504-6E61-43E8-9461-98F3EBAEEEC4}.AppStore|iPhone.Deploy.0 = Release|x86
		{93F58504-6E61-43E8-9461-98F3EBAEEEC4}.AppStore|iPhoneSimulator.ActiveCfg = Release|x86
		{93F58504-6E61-43E8-9461-98F3EBAEEEC4}.AppStore|iPhoneSimulator.Build.0 = Release|x86
		{93F58504-6E61-43E8-9461-98F3EBAEEEC4}.AppStore|iPhoneSimulator.Deploy.0 = Release|x86
		{93F58504-6E61-43E8-9461-98F3EBAEEEC4}.AppStore|x64.ActiveCfg = Release|x64
		{93F58504-6E61-43E8-9461-98F3EBAEEEC4}.AppStore|x64.Build.0 = Release|x64
		{93F58504-6E61-43E8-9461-98F3EBAEEEC4}.AppStore|x64.Deploy.0 = Release|x64
		{93F58504-6E61-43E8-9461-98F3EBAEEEC4}.AppStore|x86.ActiveCfg = Release|x86
		{93F58504-6E61-43E8-9461-98F3EBAEEEC4}.AppStore|x86.Build.0 = Release|x86
		{93F58504-6E61-43E8-9461-98F3EBAEEEC4}.AppStore|x86.Deploy.0 = Release|x86
		{93F58504-6E61-43E8-9461-98F3EBAEEEC4}.Debug|Any CPU.ActiveCfg = Debug|x86
		{93F58504-6E61-43E8-9461-98F3EBAEEEC4}.Debug|ARM.ActiveCfg = Debug|ARM
		{93F58504-6E61-43E8-9461-98F3EBAEEEC4}.Debug|ARM.Build.0 = Debug|ARM
		{93F58504-6E61-43E8-9461-98F3EBAEEEC4}.Debug|ARM.Deploy.0 = Debug|ARM
		{93F58504-6E61-43E8-9461-98F3EBAEEEC4}.Debug|iPhone.ActiveCfg = Debug|x86
		{93F58504-6E61-43E8-9461-98F3EBAEEEC4}.Debug|iPhoneSimulator.ActiveCfg = Debug|x86
		{93F58504-6E61-43E8-9461-98F3EBAEEEC4}.Debug|x64.ActiveCfg = Debug|x64
		{93F58504-6E61-43E8-9461-98F3EBAEEEC4}.Debug|x64.Build.0 = Debug|x64
		{93F58504-6E61-43E8-9461-98F3EBAEEEC4}.Debug|x64.Deploy.0 = Debug|x64
		{93F58504-6E61-43E8-9461-98F3EBAEEEC4}.Debug|x86.ActiveCfg = Debug|x86
		{93F58504-6E61-43E8-9461-98F3EBAEEEC4}.Debug|x86.Build.0 = Debug|x86
		{93F58504-6E61-43E8-9461-98F3EBAEEEC4}.Debug|x86.Deploy.0 = Debug|x86
		{93F58504-6E61-43E8-9461-98F3EBAEEEC4}.Release|Any CPU.ActiveCfg = Release|x86
		{93F58504-6E61-43E8-9461-98F3EBAEEEC4}.Release|ARM.ActiveCfg = Release|ARM
		{93F58504-6E61-43E8-9461-98F3EBAEEEC4}.Release|ARM.Build.0 = Release|ARM
		{93F58504-6E61-43E8-9461-98F3EBAEEEC4}.Release|ARM.Deploy.0 = Release|ARM
		{93F58504-6E61-43E8-9461-98F3EBAEEEC4}.Release|iPhone.ActiveCfg = Release|x86
		{93F58504-6E61-43E8-9461-98F3EBAEEEC4}.Release|iPhoneSimulator.ActiveCfg = Release|x86
		{93F58504-6E61-43E8-9461-98F3EBAEEEC4}.Release|x64.ActiveCfg = Release|x64
		{93F58504-6E61-43E8-9461-98F3EBAEEEC4}.Release|x64.Build.0 = Release|x64
		{93F58504-6E61-43E8-9461-98F3EBAEEEC4}.Release|x64.Deploy.0 = Release|x64
		{93F58504-6E61-43E8-9461-98F3EBAEEEC4}.Release|x86.ActiveCfg = Release|x86
		{93F58504-6E61-43E8-9461-98F3EBAEEEC4}.Release|x86.Build.0 = Release|x86
		{93F58504-6E61-43E8-9461-98F3EBAEEEC4}.Release|x86.Deploy.0 = Release|x86
		{02F25F28-5FC2-47AF-832C-698499214D71}.Ad-Hoc|Any CPU.ActiveCfg = Release|Any CPU
		{02F25F28-5FC2-47AF-832C-698499214D71}.Ad-Hoc|Any CPU.Build.0 = Release|Any CPU
		{02F25F28-5FC2-47AF-832C-698499214D71}.Ad-Hoc|Any CPU.Deploy.0 = Release|Any CPU
		{02F25F28-5FC2-47AF-832C-698499214D71}.Ad-Hoc|ARM.ActiveCfg = Release|ARM
		{02F25F28-5FC2-47AF-832C-698499214D71}.Ad-Hoc|ARM.Build.0 = Release|ARM
		{02F25F28-5FC2-47AF-832C-698499214D71}.Ad-Hoc|ARM.Deploy.0 = Release|ARM
		{02F25F28-5FC2-47AF-832C-698499214D71}.Ad-Hoc|iPhone.ActiveCfg = Release|Any CPU
		{02F25F28-5FC2-47AF-832C-698499214D71}.Ad-Hoc|iPhone.Build.0 = Release|Any CPU
		{02F25F28-5FC2-47AF-832C-698499214D71}.Ad-Hoc|iPhone.Deploy.0 = Release|Any CPU
		{02F25F28-5FC2-47AF-832C-698499214D71}.Ad-Hoc|iPhoneSimulator.ActiveCfg = Release|Any CPU
		{02F25F28-5FC2-47AF-832C-698499214D71}.Ad-Hoc|iPhoneSimulator.Build.0 = Release|Any CPU
		{02F25F28-5FC2-47AF-832C-698499214D71}.Ad-Hoc|iPhoneSimulator.Deploy.0 = Release|Any CPU
		{02F25F28-5FC2-47AF-832C-698499214D71}.Ad-Hoc|x64.ActiveCfg = Release|x64
		{02F25F28-5FC2-47AF-832C-698499214D71}.Ad-Hoc|x64.Build.0 = Release|x64
		{02F25F28-5FC2-47AF-832C-698499214D71}.Ad-Hoc|x64.Deploy.0 = Release|x64
		{02F25F28-5FC2-47AF-832C-698499214D71}.Ad-Hoc|x86.ActiveCfg = Release|x86
		{02F25F28-5FC2-47AF-832C-698499214D71}.Ad-Hoc|x86.Build.0 = Release|x86
		{02F25F28-5FC2-47AF-832C-698499214D71}.Ad-Hoc|x86.Deploy.0 = Release|x86
		{02F25F28-5FC2-47AF-832C-698499214D71}.AppStore|Any CPU.ActiveCfg = Release|Any CPU
		{02F25F28-5FC2-47AF-832C-698499214D71}.AppStore|Any CPU.Build.0 = Release|Any CPU
		{02F25F28-5FC2-47AF-832C-698499214D71}.AppStore|Any CPU.Deploy.0 = Release|Any CPU
		{02F25F28-5FC2-47AF-832C-698499214D71}.AppStore|ARM.ActiveCfg = Release|ARM
		{02F25F28-5FC2-47AF-832C-698499214D71}.AppStore|ARM.Build.0 = Release|ARM
		{02F25F28-5FC2-47AF-832C-698499214D71}.AppStore|ARM.Deploy.0 = Release|ARM
		{02F25F28-5FC2-47AF-832C-698499214D71}.AppStore|iPhone.ActiveCfg = Release|Any CPU
		{02F25F28-5FC2-47AF-832C-698499214D71}.AppStore|iPhone.Build.0 = Release|Any CPU
		{02F25F28-5FC2-47AF-832C-698499214D71}.AppStore|iPhone.Deploy.0 = Release|Any CPU
		{02F25F28-5FC2-47AF-832C-698499214D71}.AppStore|iPhoneSimulator.ActiveCfg = Release|Any CPU
		{02F25F28-5FC2-47AF-832C-698499214D71}.AppStore|iPhoneSimulator.Build.0 = Release|Any CPU
		{02F25F28-5FC2-47AF-832C-698499214D71}.AppStore|iPhoneSimulator.Deploy.0 = Release|Any CPU
		{02F25F28-5FC2-47AF-832C-698499214D71}.AppStore|x64.ActiveCfg = Release|x64
		{02F25F28-5FC2-47AF-832C-698499214D71}.AppStore|x64.Build.0 = Release|x64
		{02F25F28-5FC2-47AF-832C-698499214D71}.AppStore|x64.Deploy.0 = Release|x64
		{02F25F28-5FC2-47AF-832C-698499214D71}.AppStore|x86.ActiveCfg = Release|x86
		{02F25F28-5FC2-47AF-832C-698499214D71}.AppStore|x86.Build.0 = Release|x86
		{02F25F28-5FC2-47AF-832C-698499214D71}.AppStore|x86.Deploy.0 = Release|x86
		{02F25F28-5FC2-47AF-832C-698499214D71}.Debug|Any CPU.ActiveCfg = Debug|Any CPU
		{02F25F28-5FC2-47AF-832C-698499214D71}.Debug|Any CPU.Build.0 = Debug|Any CPU
		{02F25F28-5FC2-47AF-832C-698499214D71}.Debug|Any CPU.Deploy.0 = Debug|Any CPU
		{02F25F28-5FC2-47AF-832C-698499214D71}.Debug|ARM.ActiveCfg = Debug|ARM
		{02F25F28-5FC2-47AF-832C-698499214D71}.Debug|ARM.Build.0 = Debug|ARM
		{02F25F28-5FC2-47AF-832C-698499214D71}.Debug|ARM.Deploy.0 = Debug|ARM
		{02F25F28-5FC2-47AF-832C-698499214D71}.Debug|iPhone.ActiveCfg = Debug|Any CPU
		{02F25F28-5FC2-47AF-832C-698499214D71}.Debug|iPhone.Build.0 = Debug|Any CPU
		{02F25F28-5FC2-47AF-832C-698499214D71}.Debug|iPhone.Deploy.0 = Debug|Any CPU
		{02F25F28-5FC2-47AF-832C-698499214D71}.Debug|iPhoneSimulator.ActiveCfg = Debug|Any CPU
		{02F25F28-5FC2-47AF-832C-698499214D71}.Debug|iPhoneSimulator.Build.0 = Debug|Any CPU
		{02F25F28-5FC2-47AF-832C-698499214D71}.Debug|iPhoneSimulator.Deploy.0 = Debug|Any CPU
		{02F25F28-5FC2-47AF-832C-698499214D71}.Debug|x64.ActiveCfg = Debug|x64
		{02F25F28-5FC2-47AF-832C-698499214D71}.Debug|x64.Build.0 = Debug|x64
		{02F25F28-5FC2-47AF-832C-698499214D71}.Debug|x64.Deploy.0 = Debug|x64
		{02F25F28-5FC2-47AF-832C-698499214D71}.Debug|x86.ActiveCfg = Debug|x86
		{02F25F28-5FC2-47AF-832C-698499214D71}.Debug|x86.Build.0 = Debug|x86
		{02F25F28-5FC2-47AF-832C-698499214D71}.Debug|x86.Deploy.0 = Debug|x86
		{02F25F28-5FC2-47AF-832C-698499214D71}.Release|Any CPU.ActiveCfg = Release|Any CPU
		{02F25F28-5FC2-47AF-832C-698499214D71}.Release|Any CPU.Build.0 = Release|Any CPU
		{02F25F28-5FC2-47AF-832C-698499214D71}.Release|Any CPU.Deploy.0 = Release|Any CPU
		{02F25F28-5FC2-47AF-832C-698499214D71}.Release|ARM.ActiveCfg = Release|ARM
		{02F25F28-5FC2-47AF-832C-698499214D71}.Release|ARM.Build.0 = Release|ARM
		{02F25F28-5FC2-47AF-832C-698499214D71}.Release|ARM.Deploy.0 = Release|ARM
		{02F25F28-5FC2-47AF-832C-698499214D71}.Release|iPhone.ActiveCfg = Release|Any CPU
		{02F25F28-5FC2-47AF-832C-698499214D71}.Release|iPhone.Build.0 = Release|Any CPU
		{02F25F28-5FC2-47AF-832C-698499214D71}.Release|iPhone.Deploy.0 = Release|Any CPU
		{02F25F28-5FC2-47AF-832C-698499214D71}.Release|iPhoneSimulator.ActiveCfg = Release|Any CPU
		{02F25F28-5FC2-47AF-832C-698499214D71}.Release|iPhoneSimulator.Build.0 = Release|Any CPU
		{02F25F28-5FC2-47AF-832C-698499214D71}.Release|iPhoneSimulator.Deploy.0 = Release|Any CPU
		{02F25F28-5FC2-47AF-832C-698499214D71}.Release|x64.ActiveCfg = Release|x64
		{02F25F28-5FC2-47AF-832C-698499214D71}.Release|x64.Build.0 = Release|x64
		{02F25F28-5FC2-47AF-832C-698499214D71}.Release|x64.Deploy.0 = Release|x64
		{02F25F28-5FC2-47AF-832C-698499214D71}.Release|x86.ActiveCfg = Release|x86
		{02F25F28-5FC2-47AF-832C-698499214D71}.Release|x86.Build.0 = Release|x86
		{02F25F28-5FC2-47AF-832C-698499214D71}.Release|x86.Deploy.0 = Release|x86
		{18099F2F-D1F1-442D-90C3-B0FE701EBD04}.Ad-Hoc|Any CPU.ActiveCfg = Release|Any CPU
		{18099F2F-D1F1-442D-90C3-B0FE701EBD04}.Ad-Hoc|Any CPU.Build.0 = Release|Any CPU
		{18099F2F-D1F1-442D-90C3-B0FE701EBD04}.Ad-Hoc|ARM.ActiveCfg = Release|Any CPU
		{18099F2F-D1F1-442D-90C3-B0FE701EBD04}.Ad-Hoc|ARM.Build.0 = Release|Any CPU
		{18099F2F-D1F1-442D-90C3-B0FE701EBD04}.Ad-Hoc|iPhone.ActiveCfg = Release|Any CPU
		{18099F2F-D1F1-442D-90C3-B0FE701EBD04}.Ad-Hoc|iPhone.Build.0 = Release|Any CPU
		{18099F2F-D1F1-442D-90C3-B0FE701EBD04}.Ad-Hoc|iPhoneSimulator.ActiveCfg = Release|Any CPU
		{18099F2F-D1F1-442D-90C3-B0FE701EBD04}.Ad-Hoc|iPhoneSimulator.Build.0 = Release|Any CPU
		{18099F2F-D1F1-442D-90C3-B0FE701EBD04}.Ad-Hoc|x64.ActiveCfg = Release|Any CPU
		{18099F2F-D1F1-442D-90C3-B0FE701EBD04}.Ad-Hoc|x64.Build.0 = Release|Any CPU
		{18099F2F-D1F1-442D-90C3-B0FE701EBD04}.Ad-Hoc|x86.ActiveCfg = Release|Any CPU
		{18099F2F-D1F1-442D-90C3-B0FE701EBD04}.Ad-Hoc|x86.Build.0 = Release|Any CPU
		{18099F2F-D1F1-442D-90C3-B0FE701EBD04}.AppStore|Any CPU.ActiveCfg = Release|Any CPU
		{18099F2F-D1F1-442D-90C3-B0FE701EBD04}.AppStore|Any CPU.Build.0 = Release|Any CPU
		{18099F2F-D1F1-442D-90C3-B0FE701EBD04}.AppStore|ARM.ActiveCfg = Release|Any CPU
		{18099F2F-D1F1-442D-90C3-B0FE701EBD04}.AppStore|ARM.Build.0 = Release|Any CPU
		{18099F2F-D1F1-442D-90C3-B0FE701EBD04}.AppStore|iPhone.ActiveCfg = Release|Any CPU
		{18099F2F-D1F1-442D-90C3-B0FE701EBD04}.AppStore|iPhone.Build.0 = Release|Any CPU
		{18099F2F-D1F1-442D-90C3-B0FE701EBD04}.AppStore|iPhoneSimulator.ActiveCfg = Release|Any CPU
		{18099F2F-D1F1-442D-90C3-B0FE701EBD04}.AppStore|iPhoneSimulator.Build.0 = Release|Any CPU
		{18099F2F-D1F1-442D-90C3-B0FE701EBD04}.AppStore|x64.ActiveCfg = Release|Any CPU
		{18099F2F-D1F1-442D-90C3-B0FE701EBD04}.AppStore|x64.Build.0 = Release|Any CPU
		{18099F2F-D1F1-442D-90C3-B0FE701EBD04}.AppStore|x86.ActiveCfg = Release|Any CPU
		{18099F2F-D1F1-442D-90C3-B0FE701EBD04}.AppStore|x86.Build.0 = Release|Any CPU
		{18099F2F-D1F1-442D-90C3-B0FE701EBD04}.Debug|Any CPU.ActiveCfg = Debug|Any CPU
		{18099F2F-D1F1-442D-90C3-B0FE701EBD04}.Debug|Any CPU.Build.0 = Debug|Any CPU
		{18099F2F-D1F1-442D-90C3-B0FE701EBD04}.Debug|ARM.ActiveCfg = Debug|Any CPU
		{18099F2F-D1F1-442D-90C3-B0FE701EBD04}.Debug|ARM.Build.0 = Debug|Any CPU
		{18099F2F-D1F1-442D-90C3-B0FE701EBD04}.Debug|iPhone.ActiveCfg = Debug|Any CPU
		{18099F2F-D1F1-442D-90C3-B0FE701EBD04}.Debug|iPhone.Build.0 = Debug|Any CPU
		{18099F2F-D1F1-442D-90C3-B0FE701EBD04}.Debug|iPhoneSimulator.ActiveCfg = Debug|Any CPU
		{18099F2F-D1F1-442D-90C3-B0FE701EBD04}.Debug|iPhoneSimulator.Build.0 = Debug|Any CPU
		{18099F2F-D1F1-442D-90C3-B0FE701EBD04}.Debug|x64.ActiveCfg = Debug|Any CPU
		{18099F2F-D1F1-442D-90C3-B0FE701EBD04}.Debug|x64.Build.0 = Debug|Any CPU
		{18099F2F-D1F1-442D-90C3-B0FE701EBD04}.Debug|x86.ActiveCfg = Debug|Any CPU
		{18099F2F-D1F1-442D-90C3-B0FE701EBD04}.Debug|x86.Build.0 = Debug|Any CPU
		{18099F2F-D1F1-442D-90C3-B0FE701EBD04}.Release|Any CPU.ActiveCfg = Release|Any CPU
		{18099F2F-D1F1-442D-90C3-B0FE701EBD04}.Release|Any CPU.Build.0 = Release|Any CPU
		{18099F2F-D1F1-442D-90C3-B0FE701EBD04}.Release|ARM.ActiveCfg = Release|Any CPU
		{18099F2F-D1F1-442D-90C3-B0FE701EBD04}.Release|ARM.Build.0 = Release|Any CPU
		{18099F2F-D1F1-442D-90C3-B0FE701EBD04}.Release|iPhone.ActiveCfg = Release|Any CPU
		{18099F2F-D1F1-442D-90C3-B0FE701EBD04}.Release|iPhone.Build.0 = Release|Any CPU
		{18099F2F-D1F1-442D-90C3-B0FE701EBD04}.Release|iPhoneSimulator.ActiveCfg = Release|Any CPU
		{18099F2F-D1F1-442D-90C3-B0FE701EBD04}.Release|iPhoneSimulator.Build.0 = Release|Any CPU
		{18099F2F-D1F1-442D-90C3-B0FE701EBD04}.Release|x64.ActiveCfg = Release|Any CPU
		{18099F2F-D1F1-442D-90C3-B0FE701EBD04}.Release|x64.Build.0 = Release|Any CPU
		{18099F2F-D1F1-442D-90C3-B0FE701EBD04}.Release|x86.ActiveCfg = Release|Any CPU
		{18099F2F-D1F1-442D-90C3-B0FE701EBD04}.Release|x86.Build.0 = Release|Any CPU
	EndGlobalSection
	GlobalSection(SolutionProperties) = preSolution
		HideSolutionNode = FALSE
	EndGlobalSection
EndGlobal
